
Microsoft Visual Studio Solution File, Format Version 12.00
# Visual Studio 15
VisualStudioVersion = 15.0.26403.3
MinimumVisualStudioVersion = 10.0.40219.1
Project("{FAE04EC0-301F-11D3-BF4B-00C04F79EFBC}") = "MT Extension", "MT Extension\MT Extension.csproj", "{6A16F1F7-31C2-4CAE-9FD3-0C56BBD29757}"
EndProject
Project("{FAE04EC0-301F-11D3-BF4B-00C04F79EFBC}") = "MTB", "MTB\MTB.csproj", "{DD7B8983-D79D-4E15-BA77-6506C773318A}"
EndProject
Project("{FAE04EC0-301F-11D3-BF4B-00C04F79EFBC}") = "ModLoader", "ModLoader\ModLoader.csproj", "{975AD54A-4D46-4028-8BFB-E847C527C409}"
EndProject
Global
	GlobalSection(SolutionConfigurationPlatforms) = preSolution
		Build and Install|Any CPU = Build and Install|Any CPU
		Debug|Any CPU = Debug|Any CPU
		DebugDeveloper|Any CPU = DebugDeveloper|Any CPU
		Release|Any CPU = Release|Any CPU
		ReleaseDeveloper|Any CPU = ReleaseDeveloper|Any CPU
	EndGlobalSection
	GlobalSection(ProjectConfigurationPlatforms) = postSolution
		{6A16F1F7-31C2-4CAE-9FD3-0C56BBD29757}.Build and Install|Any CPU.ActiveCfg = Release|Any CPU
		{6A16F1F7-31C2-4CAE-9FD3-0C56BBD29757}.Build and Install|Any CPU.Build.0 = Release|Any CPU
		{6A16F1F7-31C2-4CAE-9FD3-0C56BBD29757}.Debug|Any CPU.ActiveCfg = Debug|Any CPU
		{6A16F1F7-31C2-4CAE-9FD3-0C56BBD29757}.Debug|Any CPU.Build.0 = Debug|Any CPU
		{6A16F1F7-31C2-4CAE-9FD3-0C56BBD29757}.DebugDeveloper|Any CPU.ActiveCfg = Debug|Any CPU
		{6A16F1F7-31C2-4CAE-9FD3-0C56BBD29757}.DebugDeveloper|Any CPU.Build.0 = Debug|Any CPU
		{6A16F1F7-31C2-4CAE-9FD3-0C56BBD29757}.Release|Any CPU.ActiveCfg = Release|Any CPU
		{6A16F1F7-31C2-4CAE-9FD3-0C56BBD29757}.Release|Any CPU.Build.0 = Release|Any CPU
		{6A16F1F7-31C2-4CAE-9FD3-0C56BBD29757}.ReleaseDeveloper|Any CPU.ActiveCfg = Release|Any CPU
		{6A16F1F7-31C2-4CAE-9FD3-0C56BBD29757}.ReleaseDeveloper|Any CPU.Build.0 = Release|Any CPU
		{DD7B8983-D79D-4E15-BA77-6506C773318A}.Build and Install|Any CPU.ActiveCfg = Release|Any CPU
		{DD7B8983-D79D-4E15-BA77-6506C773318A}.Build and Install|Any CPU.Build.0 = Release|Any CPU
		{DD7B8983-D79D-4E15-BA77-6506C773318A}.Debug|Any CPU.ActiveCfg = Debug|Any CPU
		{DD7B8983-D79D-4E15-BA77-6506C773318A}.Debug|Any CPU.Build.0 = Debug|Any CPU
		{DD7B8983-D79D-4E15-BA77-6506C773318A}.DebugDeveloper|Any CPU.ActiveCfg = Debug|Any CPU
		{DD7B8983-D79D-4E15-BA77-6506C773318A}.DebugDeveloper|Any CPU.Build.0 = Debug|Any CPU
		{DD7B8983-D79D-4E15-BA77-6506C773318A}.Release|Any CPU.ActiveCfg = Release|Any CPU
		{DD7B8983-D79D-4E15-BA77-6506C773318A}.Release|Any CPU.Build.0 = Release|Any CPU
		{DD7B8983-D79D-4E15-BA77-6506C773318A}.ReleaseDeveloper|Any CPU.ActiveCfg = Release|Any CPU
		{DD7B8983-D79D-4E15-BA77-6506C773318A}.ReleaseDeveloper|Any CPU.Build.0 = Release|Any CPU
		{975AD54A-4D46-4028-8BFB-E847C527C409}.Build and Install|Any CPU.ActiveCfg = Build and Install|Any CPU
		{975AD54A-4D46-4028-8BFB-E847C527C409}.Build and Install|Any CPU.Build.0 = Build and Install|Any CPU
		{975AD54A-4D46-4028-8BFB-E847C527C409}.Debug|Any CPU.ActiveCfg = Debug|Any CPU
		{975AD54A-4D46-4028-8BFB-E847C527C409}.Debug|Any CPU.Build.0 = Debug|Any CPU
		{975AD54A-4D46-4028-8BFB-E847C527C409}.DebugDeveloper|Any CPU.ActiveCfg = DebugDeveloper|Any CPU
		{975AD54A-4D46-4028-8BFB-E847C527C409}.DebugDeveloper|Any CPU.Build.0 = DebugDeveloper|Any CPU
		{975AD54A-4D46-4028-8BFB-E847C527C409}.Release|Any CPU.ActiveCfg = Release|Any CPU
		{975AD54A-4D46-4028-8BFB-E847C527C409}.Release|Any CPU.Build.0 = Release|Any CPU
		{975AD54A-4D46-4028-8BFB-E847C527C409}.ReleaseDeveloper|Any CPU.ActiveCfg = ReleaseDeveloper|Any CPU
		{975AD54A-4D46-4028-8BFB-E847C527C409}.ReleaseDeveloper|Any CPU.Build.0 = ReleaseDeveloper|Any CPU
	EndGlobalSection
	GlobalSection(SolutionProperties) = preSolution
		HideSolutionNode = FALSE
	EndGlobalSection
EndGlobal
