
Microsoft Visual Studio Solution File, Format Version 12.00
# Visual Studio 15
VisualStudioVersion = 15.0.26430.6
MinimumVisualStudioVersion = 10.0.40219.1
Project("{FAE04EC0-301F-11D3-BF4B-00C04F79EFBC}") = "MT Extension", "MT Extension\MT Extension.csproj", "{6A16F1F7-31C2-4CAE-9FD3-0C56BBD29757}"
EndProject
Project("{FAE04EC0-301F-11D3-BF4B-00C04F79EFBC}") = "MT Core", "MT Core\MT Core.csproj", "{DD7B8983-D79D-4E15-BA77-6506C773318A}"
EndProject
Project("{FAE04EC0-301F-11D3-BF4B-00C04F79EFBC}") = "MT Extension Alternative", "MT Extension Alternative\MT Extension Alternative.csproj", "{B7666F83-4F61-4A76-A39A-75BF6112D164}"
EndProject
Global
	GlobalSection(SolutionConfigurationPlatforms) = preSolution
		Build and Install|Any CPU = Build and Install|Any CPU
		Debug|Any CPU = Debug|Any CPU
		DebugDeveloper|Any CPU = DebugDeveloper|Any CPU
		Release|Any CPU = Release|Any CPU
		ReleaseDeveloper|Any CPU = ReleaseDeveloper|Any CPU
	EndGlobalSection
	GlobalSection(ProjectConfigurationPlatforms) = postSolution
		{6A16F1F7-31C2-4CAE-9FD3-0C56BBD29757}.Build and Install|Any CPU.ActiveCfg = Release|Any CPU
		{6A16F1F7-31C2-4CAE-9FD3-0C56BBD29757}.Build and Install|Any CPU.Build.0 = Release|Any CPU
		{6A16F1F7-31C2-4CAE-9FD3-0C56BBD29757}.Debug|Any CPU.ActiveCfg = Debug|Any CPU
		{6A16F1F7-31C2-4CAE-9FD3-0C56BBD29757}.Debug|Any CPU.Build.0 = Debug|Any CPU
		{6A16F1F7-31C2-4CAE-9FD3-0C56BBD29757}.DebugDeveloper|Any CPU.ActiveCfg = Debug|Any CPU
		{6A16F1F7-31C2-4CAE-9FD3-0C56BBD29757}.DebugDeveloper|Any CPU.Build.0 = Debug|Any CPU
		{6A16F1F7-31C2-4CAE-9FD3-0C56BBD29757}.Release|Any CPU.ActiveCfg = Release|Any CPU
		{6A16F1F7-31C2-4CAE-9FD3-0C56BBD29757}.Release|Any CPU.Build.0 = Release|Any CPU
		{6A16F1F7-31C2-4CAE-9FD3-0C56BBD29757}.ReleaseDeveloper|Any CPU.ActiveCfg = Release|Any CPU
		{6A16F1F7-31C2-4CAE-9FD3-0C56BBD29757}.ReleaseDeveloper|Any CPU.Build.0 = Release|Any CPU
		{DD7B8983-D79D-4E15-BA77-6506C773318A}.Build and Install|Any CPU.ActiveCfg = Release|Any CPU
		{DD7B8983-D79D-4E15-BA77-6506C773318A}.Build and Install|Any CPU.Build.0 = Release|Any CPU
		{DD7B8983-D79D-4E15-BA77-6506C773318A}.Debug|Any CPU.ActiveCfg = Debug|Any CPU
		{DD7B8983-D79D-4E15-BA77-6506C773318A}.Debug|Any CPU.Build.0 = Debug|Any CPU
		{DD7B8983-D79D-4E15-BA77-6506C773318A}.DebugDeveloper|Any CPU.ActiveCfg = Debug|Any CPU
		{DD7B8983-D79D-4E15-BA77-6506C773318A}.DebugDeveloper|Any CPU.Build.0 = Debug|Any CPU
		{DD7B8983-D79D-4E15-BA77-6506C773318A}.Release|Any CPU.ActiveCfg = Release|Any CPU
		{DD7B8983-D79D-4E15-BA77-6506C773318A}.Release|Any CPU.Build.0 = Release|Any CPU
		{DD7B8983-D79D-4E15-BA77-6506C773318A}.ReleaseDeveloper|Any CPU.ActiveCfg = Release|Any CPU
		{DD7B8983-D79D-4E15-BA77-6506C773318A}.ReleaseDeveloper|Any CPU.Build.0 = Release|Any CPU
		{B7666F83-4F61-4A76-A39A-75BF6112D164}.Build and Install|Any CPU.ActiveCfg = Release|Any CPU
		{B7666F83-4F61-4A76-A39A-75BF6112D164}.Build and Install|Any CPU.Build.0 = Release|Any CPU
		{B7666F83-4F61-4A76-A39A-75BF6112D164}.Debug|Any CPU.ActiveCfg = Debug|Any CPU
		{B7666F83-4F61-4A76-A39A-75BF6112D164}.Debug|Any CPU.Build.0 = Debug|Any CPU
		{B7666F83-4F61-4A76-A39A-75BF6112D164}.DebugDeveloper|Any CPU.ActiveCfg = Debug|Any CPU
		{B7666F83-4F61-4A76-A39A-75BF6112D164}.DebugDeveloper|Any CPU.Build.0 = Debug|Any CPU
		{B7666F83-4F61-4A76-A39A-75BF6112D164}.Release|Any CPU.ActiveCfg = Release|Any CPU
		{B7666F83-4F61-4A76-A39A-75BF6112D164}.Release|Any CPU.Build.0 = Release|Any CPU
		{B7666F83-4F61-4A76-A39A-75BF6112D164}.ReleaseDeveloper|Any CPU.ActiveCfg = Release|Any CPU
		{B7666F83-4F61-4A76-A39A-75BF6112D164}.ReleaseDeveloper|Any CPU.Build.0 = Release|Any CPU
	EndGlobalSection
	GlobalSection(SolutionProperties) = preSolution
		HideSolutionNode = FALSE
	EndGlobalSection
EndGlobal
